
Microsoft Visual Studio Solution File, Format Version 12.00
# Visual Studio Version 17
VisualStudioVersion = 17.14.36408.4 d17.14
MinimumVisualStudioVersion = 10.0.40219.1
Project("{FAE04EC0-301F-11D3-BF4B-00C04F79EFBC}") = "Buccees_WebPage", "Buccees_WebPage\Buccees_WebPage.csproj", "{5C1EF057-0349-4DE8-8375-6F0A781A3B57}"
EndProject
Global
	GlobalSection(SolutionConfigurationPlatforms) = preSolution
		Debug|Any CPU = Debug|Any CPU
		Release|Any CPU = Release|Any CPU
	EndGlobalSection
	GlobalSection(ProjectConfigurationPlatforms) = postSolution
		{5C1EF057-0349-4DE8-8375-6F0A781A3B57}.Debug|Any CPU.ActiveCfg = Debug|Any CPU
		{5C1EF057-0349-4DE8-8375-6F0A781A3B57}.Debug|Any CPU.Build.0 = Debug|Any CPU
		{5C1EF057-0349-4DE8-8375-6F0A781A3B57}.Release|Any CPU.ActiveCfg = Release|Any CPU
		{5C1EF057-0349-4DE8-8375-6F0A781A3B57}.Release|Any CPU.Build.0 = Release|Any CPU
	EndGlobalSection
	GlobalSection(SolutionProperties) = preSolution
		HideSolutionNode = FALSE
	EndGlobalSection
	GlobalSection(ExtensibilityGlobals) = postSolution
		SolutionGuid = {05641D6D-39E6-4172-90AD-1BC3CB527F4C}
	EndGlobalSection
EndGlobal
